
Microsoft Visual Studio Solution File, Format Version 12.00
# Visual Studio Version 17
VisualStudioVersion = 17.5.33516.290
MinimumVisualStudioVersion = 10.0.40219.1
Project("{FAE04EC0-301F-11D3-BF4B-00C04F79EFBC}") = "cadastro", "cadastro\cadastro.csproj", "{4F0391AA-2AD3-4CA2-848F-B1D7901A0C0B}"
EndProject
Global
	GlobalSection(SolutionConfigurationPlatforms) = preSolution
		Debug|Any CPU = Debug|Any CPU
		Release|Any CPU = Release|Any CPU
	EndGlobalSection
	GlobalSection(ProjectConfigurationPlatforms) = postSolution
		{4F0391AA-2AD3-4CA2-848F-B1D7901A0C0B}.Debug|Any CPU.ActiveCfg = Debug|Any CPU
		{4F0391AA-2AD3-4CA2-848F-B1D7901A0C0B}.Debug|Any CPU.Build.0 = Debug|Any CPU
		{4F0391AA-2AD3-4CA2-848F-B1D7901A0C0B}.Release|Any CPU.ActiveCfg = Release|Any CPU
		{4F0391AA-2AD3-4CA2-848F-B1D7901A0C0B}.Release|Any CPU.Build.0 = Release|Any CPU
	EndGlobalSection
	GlobalSection(SolutionProperties) = preSolution
		HideSolutionNode = FALSE
	EndGlobalSection
	GlobalSection(ExtensibilityGlobals) = postSolution
		SolutionGuid = {E5B2C27E-A492-40BB-BF51-046483FEAC7F}
	EndGlobalSection
EndGlobal
